// !$*UTF8*$!
{
	archiveVersion = 1;
	classes = {
	};
	objectVersion = 77;
	objects = {

/* Begin PBXBuildFile section */
		15088C3CC1D449FE07607257 /* StarkeepFileProviderExtension.appex in Embed Foundation Extensions */ = {isa = PBXBuildFile; fileRef = 3363A4144CA16DE1D99D7711 /* StarkeepFileProviderExtension.appex */; settings = {ATTRIBUTES = (RemoveHeadersOnCopy, ); }; };
		26CAB55C0BE849CAFA7498FC /* FinderSync.swift in Sources */ = {isa = PBXBuildFile; fileRef = 796044072AA002452D4EFC8E /* FinderSync.swift */; };
		42486A9DE5AD64AC45218308 /* DataServerClient.swift in Sources */ = {isa = PBXBuildFile; fileRef = AE21D10375A6CA7665EE30D5 /* DataServerClient.swift */; };
		45CD4E28D2F890A9AB4056AE /* DataServerClient.swift in Sources */ = {isa = PBXBuildFile; fileRef = AE21D10375A6CA7665EE30D5 /* DataServerClient.swift */; };
		6CB3C9FB86313909D19AA802 /* Extension.swift in Sources */ = {isa = PBXBuildFile; fileRef = 20137BE80788D2285847B3E2 /* Extension.swift */; };
		71003F03D6D1D3CFDF236F9F /* Enumerator.swift in Sources */ = {isa = PBXBuildFile; fileRef = EA4D59461EFB39F6542FCE0F /* Enumerator.swift */; };
		78E121BA1D8F50D807AB3769 /* DataServerClient.swift in Sources */ = {isa = PBXBuildFile; fileRef = AE21D10375A6CA7665EE30D5 /* DataServerClient.swift */; };
		B41240FEA374DEF697BD2DF7 /* StarkeepFinderSync.appex in Embed Foundation Extensions */ = {isa = PBXBuildFile; fileRef = 34EF6FCF8904A6D0DD3DEA2C /* StarkeepFinderSync.appex */; settings = {ATTRIBUTES = (RemoveHeadersOnCopy, ); }; };
		C868AF4A757326F66869ACE9 /* WatchInfo.swift in Sources */ = {isa = PBXBuildFile; fileRef = BB9B6CCF56230872EB424176 /* WatchInfo.swift */; };
		DF0187AEBB836E29F96C548C /* Items.swift in Sources */ = {isa = PBXBuildFile; fileRef = 305FFA91B2C78E3CC0627890 /* Items.swift */; };
		F429AA3224F12FC2D1F36B91 /* StarkeepApp.swift in Sources */ = {isa = PBXBuildFile; fileRef = FE1CE4600CE4C2831789F724 /* StarkeepApp.swift */; };
/* End PBXBuildFile section */

/* Begin PBXContainerItemProxy section */
		84C3E0C23CFCE29A2AFE51EF /* PBXContainerItemProxy */ = {
			isa = PBXContainerItemProxy;
			containerPortal = 2643F290809CE73C875C9684 /* Project object */;
			proxyType = 1;
			remoteGlobalIDString = 9F428DA0A22D1B4BFE7F6D6D;
			remoteInfo = StarkeepFinderSync;
		};
		DFC3960157019750BB32A634 /* PBXContainerItemProxy */ = {
			isa = PBXContainerItemProxy;
			containerPortal = 2643F290809CE73C875C9684 /* Project object */;
			proxyType = 1;
			remoteGlobalIDString = 944DE65E2A55F3950431C663;
			remoteInfo = StarkeepFileProviderExtension;
		};
/* End PBXContainerItemProxy section */

/* Begin PBXCopyFilesBuildPhase section */
		DAF0A54FEAFE4642DC8B3CC9 /* Embed Foundation Extensions */ = {
			isa = PBXCopyFilesBuildPhase;
			buildActionMask = 2147483647;
			dstPath = "";
			dstSubfolderSpec = 13;
			files = (
				15088C3CC1D449FE07607257 /* StarkeepFileProviderExtension.appex in Embed Foundation Extensions */,
				B41240FEA374DEF697BD2DF7 /* StarkeepFinderSync.appex in Embed Foundation Extensions */,
			);
			name = "Embed Foundation Extensions";
			runOnlyForDeploymentPostprocessing = 0;
		};
/* End PBXCopyFilesBuildPhase section */

/* Begin PBXFileReference section */
		20137BE80788D2285847B3E2 /* Extension.swift */ = {isa = PBXFileReference; lastKnownFileType = sourcecode.swift; path = Extension.swift; sourceTree = "<group>"; };
		305FFA91B2C78E3CC0627890 /* Items.swift */ = {isa = PBXFileReference; lastKnownFileType = sourcecode.swift; path = Items.swift; sourceTree = "<group>"; };
		3363A4144CA16DE1D99D7711 /* StarkeepFileProviderExtension.appex */ = {isa = PBXFileReference; explicitFileType = "wrapper.app-extension"; includeInIndex = 0; path = StarkeepFileProviderExtension.appex; sourceTree = BUILT_PRODUCTS_DIR; };
		34EF6FCF8904A6D0DD3DEA2C /* StarkeepFinderSync.appex */ = {isa = PBXFileReference; explicitFileType = "wrapper.app-extension"; includeInIndex = 0; path = StarkeepFinderSync.appex; sourceTree = BUILT_PRODUCTS_DIR; };
		4A1120F5D36B504BC1F2AA75 /* FinderSync.entitlements */ = {isa = PBXFileReference; lastKnownFileType = text.plist.entitlements; path = FinderSync.entitlements; sourceTree = "<group>"; };
		51D3746EACBC0CCC8BC6C68B /* Info.plist */ = {isa = PBXFileReference; lastKnownFileType = text.plist; path = Info.plist; sourceTree = "<group>"; };
		796044072AA002452D4EFC8E /* FinderSync.swift */ = {isa = PBXFileReference; lastKnownFileType = sourcecode.swift; path = FinderSync.swift; sourceTree = "<group>"; };
		94F14E0986A491DAB2484689 /* Info.plist */ = {isa = PBXFileReference; lastKnownFileType = text.plist; path = Info.plist; sourceTree = "<group>"; };
		AE21D10375A6CA7665EE30D5 /* DataServerClient.swift */ = {isa = PBXFileReference; lastKnownFileType = sourcecode.swift; path = DataServerClient.swift; sourceTree = "<group>"; };
		BB9B6CCF56230872EB424176 /* WatchInfo.swift */ = {isa = PBXFileReference; lastKnownFileType = sourcecode.swift; path = WatchInfo.swift; sourceTree = "<group>"; };
		D95F617EC35F6297ACFD4A7A /* StarkeepFileProvider.app */ = {isa = PBXFileReference; explicitFileType = wrapper.application; includeInIndex = 0; path = StarkeepFileProvider.app; sourceTree = BUILT_PRODUCTS_DIR; };
		EA4D59461EFB39F6542FCE0F /* Enumerator.swift */ = {isa = PBXFileReference; lastKnownFileType = sourcecode.swift; path = Enumerator.swift; sourceTree = "<group>"; };
		ED2264C691FBFF04B0A808C6 /* Extension.entitlements */ = {isa = PBXFileReference; lastKnownFileType = text.plist.entitlements; path = Extension.entitlements; sourceTree = "<group>"; };
		ED75177F90F77EF38E4DFE1B /* App.entitlements */ = {isa = PBXFileReference; lastKnownFileType = text.plist.entitlements; path = App.entitlements; sourceTree = "<group>"; };
		FE1CE4600CE4C2831789F724 /* StarkeepApp.swift */ = {isa = PBXFileReference; lastKnownFileType = sourcecode.swift; path = StarkeepApp.swift; sourceTree = "<group>"; };
/* End PBXFileReference section */

/* Begin PBXGroup section */
		59BF31FE10A3D478E23BD725 /* FinderSyncExtension */ = {
			isa = PBXGroup;
			children = (
				4A1120F5D36B504BC1F2AA75 /* FinderSync.entitlements */,
				796044072AA002452D4EFC8E /* FinderSync.swift */,
				51D3746EACBC0CCC8BC6C68B /* Info.plist */,
				BB9B6CCF56230872EB424176 /* WatchInfo.swift */,
			);
			path = FinderSyncExtension;
			sourceTree = "<group>";
		};
		8C96CAE1580EDD12946FCFFB /* Shared */ = {
			isa = PBXGroup;
			children = (
				AE21D10375A6CA7665EE30D5 /* DataServerClient.swift */,
			);
			path = Shared;
			sourceTree = "<group>";
		};
		B012C7017A6726FB47260F10 /* FileProviderExtension */ = {
			isa = PBXGroup;
			children = (
				EA4D59461EFB39F6542FCE0F /* Enumerator.swift */,
				ED2264C691FBFF04B0A808C6 /* Extension.entitlements */,
				20137BE80788D2285847B3E2 /* Extension.swift */,
				94F14E0986A491DAB2484689 /* Info.plist */,
				305FFA91B2C78E3CC0627890 /* Items.swift */,
			);
			path = FileProviderExtension;
			sourceTree = "<group>";
		};
		BE3D66811D5DAF872ECF04C8 = {
			isa = PBXGroup;
			children = (
				F3B87D9F965C388559E791FD /* App */,
				B012C7017A6726FB47260F10 /* FileProviderExtension */,
				59BF31FE10A3D478E23BD725 /* FinderSyncExtension */,
				8C96CAE1580EDD12946FCFFB /* Shared */,
				EF220C2B9354430ED55EBD49 /* Products */,
			);
			sourceTree = "<group>";
		};
		EF220C2B9354430ED55EBD49 /* Products */ = {
			isa = PBXGroup;
			children = (
				D95F617EC35F6297ACFD4A7A /* StarkeepFileProvider.app */,
				3363A4144CA16DE1D99D7711 /* StarkeepFileProviderExtension.appex */,
				34EF6FCF8904A6D0DD3DEA2C /* StarkeepFinderSync.appex */,
			);
			name = Products;
			sourceTree = "<group>";
		};
		F3B87D9F965C388559E791FD /* App */ = {
			isa = PBXGroup;
			children = (
				ED75177F90F77EF38E4DFE1B /* App.entitlements */,
				FE1CE4600CE4C2831789F724 /* StarkeepApp.swift */,
			);
			path = App;
			sourceTree = "<group>";
		};
/* End PBXGroup section */

/* Begin PBXNativeTarget section */
		944DE65E2A55F3950431C663 /* StarkeepFileProviderExtension */ = {
			isa = PBXNativeTarget;
			buildConfigurationList = 8F0EDCD60EE18BE005AAA8C6 /* Build configuration list for PBXNativeTarget "StarkeepFileProviderExtension" */;
			buildPhases = (
				0A0524686D99F947501C63C9 /* Sources */,
			);
			buildRules = (
			);
			dependencies = (
			);
			name = StarkeepFileProviderExtension;
			packageProductDependencies = (
			);
			productName = StarkeepFileProviderExtension;
			productReference = 3363A4144CA16DE1D99D7711 /* StarkeepFileProviderExtension.appex */;
			productType = "com.apple.product-type.app-extension";
		};
		9F428DA0A22D1B4BFE7F6D6D /* StarkeepFinderSync */ = {
			isa = PBXNativeTarget;
			buildConfigurationList = A80F1A79CFD0DBCD139B02C5 /* Build configuration list for PBXNativeTarget "StarkeepFinderSync" */;
			buildPhases = (
				6CE7F79A904E7688DE2B325B /* Sources */,
			);
			buildRules = (
			);
			dependencies = (
			);
			name = StarkeepFinderSync;
			packageProductDependencies = (
			);
			productName = StarkeepFinderSync;
			productReference = 34EF6FCF8904A6D0DD3DEA2C /* StarkeepFinderSync.appex */;
			productType = "com.apple.product-type.app-extension";
		};
		C90A8C3FEA01830C890373D5 /* StarkeepFileProvider */ = {
			isa = PBXNativeTarget;
			buildConfigurationList = 00954AA8FC494D33105B9DC8 /* Build configuration list for PBXNativeTarget "StarkeepFileProvider" */;
			buildPhases = (
				F7639BDC932C7D43C38DC720 /* Sources */,
				DAF0A54FEAFE4642DC8B3CC9 /* Embed Foundation Extensions */,
			);
			buildRules = (
			);
			dependencies = (
				CF8A1E03A640BA9254AC2839 /* PBXTargetDependency */,
				01EB8033A8AA4880085F33E8 /* PBXTargetDependency */,
			);
			name = StarkeepFileProvider;
			packageProductDependencies = (
			);
			productName = StarkeepFileProvider;
			productReference = D95F617EC35F6297ACFD4A7A /* StarkeepFileProvider.app */;
			productType = "com.apple.product-type.application";
		};
/* End PBXNativeTarget section */

/* Begin PBXProject section */
		2643F290809CE73C875C9684 /* Project object */ = {
			isa = PBXProject;
			attributes = {
				BuildIndependentTargetsInParallel = YES;
				LastUpgradeCheck = 1600;
				TargetAttributes = {
					944DE65E2A55F3950431C663 = {
						ProvisioningStyle = Automatic;
					};
					9F428DA0A22D1B4BFE7F6D6D = {
						ProvisioningStyle = Automatic;
					};
					C90A8C3FEA01830C890373D5 = {
						ProvisioningStyle = Automatic;
					};
				};
			};
			buildConfigurationList = 7834B825561675E31836F04A /* Build configuration list for PBXProject "StarkeepFileProvider" */;
			developmentRegion = en;
			hasScannedForEncodings = 0;
			knownRegions = (
				Base,
				en,
			);
			mainGroup = BE3D66811D5DAF872ECF04C8;
			minimizedProjectReferenceProxies = 1;
			preferredProjectObjectVersion = 77;
			productRefGroup = EF220C2B9354430ED55EBD49 /* Products */;
			projectDirPath = "";
			projectRoot = "";
			targets = (
				C90A8C3FEA01830C890373D5 /* StarkeepFileProvider */,
				944DE65E2A55F3950431C663 /* StarkeepFileProviderExtension */,
				9F428DA0A22D1B4BFE7F6D6D /* StarkeepFinderSync */,
			);
		};
/* End PBXProject section */

/* Begin PBXSourcesBuildPhase section */
		0A0524686D99F947501C63C9 /* Sources */ = {
			isa = PBXSourcesBuildPhase;
			buildActionMask = 2147483647;
			files = (
				45CD4E28D2F890A9AB4056AE /* DataServerClient.swift in Sources */,
				71003F03D6D1D3CFDF236F9F /* Enumerator.swift in Sources */,
				6CB3C9FB86313909D19AA802 /* Extension.swift in Sources */,
				DF0187AEBB836E29F96C548C /* Items.swift in Sources */,
			);
			runOnlyForDeploymentPostprocessing = 0;
		};
		6CE7F79A904E7688DE2B325B /* Sources */ = {
			isa = PBXSourcesBuildPhase;
			buildActionMask = 2147483647;
			files = (
				42486A9DE5AD64AC45218308 /* DataServerClient.swift in Sources */,
				26CAB55C0BE849CAFA7498FC /* FinderSync.swift in Sources */,
				C868AF4A757326F66869ACE9 /* WatchInfo.swift in Sources */,
			);
			runOnlyForDeploymentPostprocessing = 0;
		};
		F7639BDC932C7D43C38DC720 /* Sources */ = {
			isa = PBXSourcesBuildPhase;
			buildActionMask = 2147483647;
			files = (
				78E121BA1D8F50D807AB3769 /* DataServerClient.swift in Sources */,
				F429AA3224F12FC2D1F36B91 /* StarkeepApp.swift in Sources */,
			);
			runOnlyForDeploymentPostprocessing = 0;
		};
/* End PBXSourcesBuildPhase section */

/* Begin PBXTargetDependency section */
		01EB8033A8AA4880085F33E8 /* PBXTargetDependency */ = {
			isa = PBXTargetDependency;
			target = 9F428DA0A22D1B4BFE7F6D6D /* StarkeepFinderSync */;
			targetProxy = 84C3E0C23CFCE29A2AFE51EF /* PBXContainerItemProxy */;
		};
		CF8A1E03A640BA9254AC2839 /* PBXTargetDependency */ = {
			isa = PBXTargetDependency;
			target = 944DE65E2A55F3950431C663 /* StarkeepFileProviderExtension */;
			targetProxy = DFC3960157019750BB32A634 /* PBXContainerItemProxy */;
		};
/* End PBXTargetDependency section */

/* Begin XCBuildConfiguration section */
		27BEC11C8D3701D36931E55C /* Debug */ = {
			isa = XCBuildConfiguration;
			buildSettings = {
				ALWAYS_SEARCH_USER_PATHS = NO;
				CLANG_ANALYZER_NONNULL = YES;
				CLANG_ANALYZER_NUMBER_OBJECT_CONVERSION = YES_AGGRESSIVE;
				CLANG_CXX_LANGUAGE_STANDARD = "gnu++14";
				CLANG_CXX_LIBRARY = "libc++";
				CLANG_ENABLE_MODULES = YES;
				CLANG_ENABLE_OBJC_ARC = YES;
				CLANG_ENABLE_OBJC_WEAK = YES;
				CLANG_WARN_BLOCK_CAPTURE_AUTORELEASING = YES;
				CLANG_WARN_BOOL_CONVERSION = YES;
				CLANG_WARN_COMMA = YES;
				CLANG_WARN_CONSTANT_CONVERSION = YES;
				CLANG_WARN_DEPRECATED_OBJC_IMPLEMENTATIONS = YES;
				CLANG_WARN_DIRECT_OBJC_ISA_USAGE = YES_ERROR;
				CLANG_WARN_DOCUMENTATION_COMMENTS = YES;
				CLANG_WARN_EMPTY_BODY = YES;
				CLANG_WARN_ENUM_CONVERSION = YES;
				CLANG_WARN_INFINITE_RECURSION = YES;
				CLANG_WARN_INT_CONVERSION = YES;
				CLANG_WARN_NON_LITERAL_NULL_CONVERSION = YES;
				CLANG_WARN_OBJC_IMPLICIT_RETAIN_SELF = YES;
				CLANG_WARN_OBJC_LITERAL_CONVERSION = YES;
				CLANG_WARN_OBJC_ROOT_CLASS = YES_ERROR;
				CLANG_WARN_QUOTED_INCLUDE_IN_FRAMEWORK_HEADER = YES;
				CLANG_WARN_RANGE_LOOP_ANALYSIS = YES;
				CLANG_WARN_STRICT_PROTOTYPES = YES;
				CLANG_WARN_SUSPICIOUS_MOVE = YES;
				CLANG_WARN_UNGUARDED_AVAILABILITY = YES_AGGRESSIVE;
				CLANG_WARN_UNREACHABLE_CODE = YES;
				CLANG_WARN__DUPLICATE_METHOD_MATCH = YES;
				CODE_SIGN_IDENTITY = "-";
				CODE_SIGN_STYLE = Automatic;
				COPY_PHASE_STRIP = NO;
				DEBUG_INFORMATION_FORMAT = dwarf;
				DEVELOPMENT_TEAM = "";
				ENABLE_STRICT_OBJC_MSGSEND = YES;
				ENABLE_TESTABILITY = YES;
				GCC_C_LANGUAGE_STANDARD = gnu11;
				GCC_DYNAMIC_NO_PIC = NO;
				GCC_NO_COMMON_BLOCKS = YES;
				GCC_OPTIMIZATION_LEVEL = 0;
				GCC_PREPROCESSOR_DEFINITIONS = (
					"$(inherited)",
					"DEBUG=1",
				);
				GCC_WARN_64_TO_32_BIT_CONVERSION = YES;
				GCC_WARN_ABOUT_RETURN_TYPE = YES_ERROR;
				GCC_WARN_UNDECLARED_SELECTOR = YES;
				GCC_WARN_UNINITIALIZED_AUTOS = YES_AGGRESSIVE;
				GCC_WARN_UNUSED_FUNCTION = YES;
				GCC_WARN_UNUSED_VARIABLE = YES;
				MACOSX_DEPLOYMENT_TARGET = 14.0;
				MTL_ENABLE_DEBUG_INFO = INCLUDE_SOURCE;
				MTL_FAST_MATH = YES;
				ONLY_ACTIVE_ARCH = YES;
				PRODUCT_NAME = "$(TARGET_NAME)";
				SDKROOT = macosx;
				SWIFT_ACTIVE_COMPILATION_CONDITIONS = DEBUG;
				SWIFT_OPTIMIZATION_LEVEL = "-Onone";
				SWIFT_VERSION = 5.0;
			};
			name = Debug;
		};
		4B4B36CF5D558B3551A14101 /* Release */ = {
			isa = XCBuildConfiguration;
			buildSettings = {
				ASSETCATALOG_COMPILER_APPICON_NAME = AppIcon;
				CODE_SIGN_ENTITLEMENTS = App/App.entitlements;
				"CODE_SIGN_IDENTITY[sdk=macosx*]" = "Apple Development";
				COMBINE_HIDPI_IMAGES = YES;
				CURRENT_PROJECT_VERSION = 1;
				DEVELOPMENT_TEAM = SUL8KAJFS7;
				GENERATE_INFOPLIST_FILE = YES;
				INFOPLIST_KEY_CFBundleDisplayName = Starkeep;
				INFOPLIST_KEY_LSApplicationCategoryType = "public.app-category.utilities";
				LD_RUNPATH_SEARCH_PATHS = (
					"$(inherited)",
					"@executable_path/../Frameworks",
				);
				MARKETING_VERSION = 1.0;
				PRODUCT_BUNDLE_IDENTIFIER = "com.starkeep.fileprovider-host";
				SDKROOT = macosx;
			};
			name = Release;
		};
		4F2BC84D25FC4C494F88A6FB /* Debug */ = {
			isa = XCBuildConfiguration;
			buildSettings = {
				CODE_SIGN_ENTITLEMENTS = FinderSyncExtension/FinderSync.entitlements;
				"CODE_SIGN_IDENTITY[sdk=macosx*]" = "Apple Development";
				COMBINE_HIDPI_IMAGES = YES;
				DEVELOPMENT_TEAM = SUL8KAJFS7;
				GENERATE_INFOPLIST_FILE = NO;
				INFOPLIST_FILE = FinderSyncExtension/Info.plist;
				LD_RUNPATH_SEARCH_PATHS = (
					"$(inherited)",
					"@executable_path/../Frameworks",
					"@executable_path/../../../../Frameworks",
				);
				PRODUCT_BUNDLE_IDENTIFIER = "com.starkeep.fileprovider-host.findersync";
				SDKROOT = macosx;
			};
			name = Debug;
		};
		653AB43BF2850B9743918610 /* Debug */ = {
			isa = XCBuildConfiguration;
			buildSettings = {
				ASSETCATALOG_COMPILER_APPICON_NAME = AppIcon;
				CODE_SIGN_ENTITLEMENTS = App/App.entitlements;
				"CODE_SIGN_IDENTITY[sdk=macosx*]" = "Apple Development";
				COMBINE_HIDPI_IMAGES = YES;
				CURRENT_PROJECT_VERSION = 1;
				DEVELOPMENT_TEAM = SUL8KAJFS7;
				GENERATE_INFOPLIST_FILE = YES;
				INFOPLIST_KEY_CFBundleDisplayName = Starkeep;
				INFOPLIST_KEY_LSApplicationCategoryType = "public.app-category.utilities";
				LD_RUNPATH_SEARCH_PATHS = (
					"$(inherited)",
					"@executable_path/../Frameworks",
				);
				MARKETING_VERSION = 1.0;
				PRODUCT_BUNDLE_IDENTIFIER = "com.starkeep.fileprovider-host";
				SDKROOT = macosx;
			};
			name = Debug;
		};
		66E43E390DB164E97EB8657A /* Release */ = {
			isa = XCBuildConfiguration;
			buildSettings = {
				CODE_SIGN_ENTITLEMENTS = FileProviderExtension/Extension.entitlements;
				"CODE_SIGN_IDENTITY[sdk=macosx*]" = "Apple Development";
				COMBINE_HIDPI_IMAGES = YES;
				DEVELOPMENT_TEAM = SUL8KAJFS7;
				GENERATE_INFOPLIST_FILE = NO;
				INFOPLIST_FILE = FileProviderExtension/Info.plist;
				LD_RUNPATH_SEARCH_PATHS = (
					"$(inherited)",
					"@executable_path/../Frameworks",
					"@executable_path/../../../../Frameworks",
				);
				PRODUCT_BUNDLE_IDENTIFIER = "com.starkeep.fileprovider-host.extension";
				SDKROOT = macosx;
			};
			name = Release;
		};
		76BFAB332A174DA1CF151D8D /* Release */ = {
			isa = XCBuildConfiguration;
			buildSettings = {
				CODE_SIGN_ENTITLEMENTS = FinderSyncExtension/FinderSync.entitlements;
				"CODE_SIGN_IDENTITY[sdk=macosx*]" = "Apple Development";
				COMBINE_HIDPI_IMAGES = YES;
				DEVELOPMENT_TEAM = SUL8KAJFS7;
				GENERATE_INFOPLIST_FILE = NO;
				INFOPLIST_FILE = FinderSyncExtension/Info.plist;
				LD_RUNPATH_SEARCH_PATHS = (
					"$(inherited)",
					"@executable_path/../Frameworks",
					"@executable_path/../../../../Frameworks",
				);
				PRODUCT_BUNDLE_IDENTIFIER = "com.starkeep.fileprovider-host.findersync";
				SDKROOT = macosx;
			};
			name = Release;
		};
		A2A5B7300304591472612AC9 /* Release */ = {
			isa = XCBuildConfiguration;
			buildSettings = {
				ALWAYS_SEARCH_USER_PATHS = NO;
				CLANG_ANALYZER_NONNULL = YES;
				CLANG_ANALYZER_NUMBER_OBJECT_CONVERSION = YES_AGGRESSIVE;
				CLANG_CXX_LANGUAGE_STANDARD = "gnu++14";
				CLANG_CXX_LIBRARY = "libc++";
				CLANG_ENABLE_MODULES = YES;
				CLANG_ENABLE_OBJC_ARC = YES;
				CLANG_ENABLE_OBJC_WEAK = YES;
				CLANG_WARN_BLOCK_CAPTURE_AUTORELEASING = YES;
				CLANG_WARN_BOOL_CONVERSION = YES;
				CLANG_WARN_COMMA = YES;
				CLANG_WARN_CONSTANT_CONVERSION = YES;
				CLANG_WARN_DEPRECATED_OBJC_IMPLEMENTATIONS = YES;
				CLANG_WARN_DIRECT_OBJC_ISA_USAGE = YES_ERROR;
				CLANG_WARN_DOCUMENTATION_COMMENTS = YES;
				CLANG_WARN_EMPTY_BODY = YES;
				CLANG_WARN_ENUM_CONVERSION = YES;
				CLANG_WARN_INFINITE_RECURSION = YES;
				CLANG_WARN_INT_CONVERSION = YES;
				CLANG_WARN_NON_LITERAL_NULL_CONVERSION = YES;
				CLANG_WARN_OBJC_IMPLICIT_RETAIN_SELF = YES;
				CLANG_WARN_OBJC_LITERAL_CONVERSION = YES;
				CLANG_WARN_OBJC_ROOT_CLASS = YES_ERROR;
				CLANG_WARN_QUOTED_INCLUDE_IN_FRAMEWORK_HEADER = YES;
				CLANG_WARN_RANGE_LOOP_ANALYSIS = YES;
				CLANG_WARN_STRICT_PROTOTYPES = YES;
				CLANG_WARN_SUSPICIOUS_MOVE = YES;
				CLANG_WARN_UNGUARDED_AVAILABILITY = YES_AGGRESSIVE;
				CLANG_WARN_UNREACHABLE_CODE = YES;
				CLANG_WARN__DUPLICATE_METHOD_MATCH = YES;
				CODE_SIGN_IDENTITY = "-";
				CODE_SIGN_STYLE = Automatic;
				COPY_PHASE_STRIP = NO;
				DEBUG_INFORMATION_FORMAT = "dwarf-with-dsym";
				DEVELOPMENT_TEAM = "";
				ENABLE_NS_ASSERTIONS = NO;
				ENABLE_STRICT_OBJC_MSGSEND = YES;
				GCC_C_LANGUAGE_STANDARD = gnu11;
				GCC_NO_COMMON_BLOCKS = YES;
				GCC_WARN_64_TO_32_BIT_CONVERSION = YES;
				GCC_WARN_ABOUT_RETURN_TYPE = YES_ERROR;
				GCC_WARN_UNDECLARED_SELECTOR = YES;
				GCC_WARN_UNINITIALIZED_AUTOS = YES_AGGRESSIVE;
				GCC_WARN_UNUSED_FUNCTION = YES;
				GCC_WARN_UNUSED_VARIABLE = YES;
				MACOSX_DEPLOYMENT_TARGET = 14.0;
				MTL_ENABLE_DEBUG_INFO = NO;
				MTL_FAST_MATH = YES;
				PRODUCT_NAME = "$(TARGET_NAME)";
				SDKROOT = macosx;
				SWIFT_COMPILATION_MODE = wholemodule;
				SWIFT_OPTIMIZATION_LEVEL = "-O";
				SWIFT_VERSION = 5.0;
			};
			name = Release;
		};
		D4401848D4C4F8A9378C7B2A /* Debug */ = {
			isa = XCBuildConfiguration;
			buildSettings = {
				CODE_SIGN_ENTITLEMENTS = FileProviderExtension/Extension.entitlements;
				"CODE_SIGN_IDENTITY[sdk=macosx*]" = "Apple Development";
				COMBINE_HIDPI_IMAGES = YES;
				DEVELOPMENT_TEAM = SUL8KAJFS7;
				GENERATE_INFOPLIST_FILE = NO;
				INFOPLIST_FILE = FileProviderExtension/Info.plist;
				LD_RUNPATH_SEARCH_PATHS = (
					"$(inherited)",
					"@executable_path/../Frameworks",
					"@executable_path/../../../../Frameworks",
				);
				PRODUCT_BUNDLE_IDENTIFIER = "com.starkeep.fileprovider-host.extension";
				SDKROOT = macosx;
			};
			name = Debug;
		};
/* End XCBuildConfiguration section */

/* Begin XCConfigurationList section */
		00954AA8FC494D33105B9DC8 /* Build configuration list for PBXNativeTarget "StarkeepFileProvider" */ = {
			isa = XCConfigurationList;
			buildConfigurations = (
				653AB43BF2850B9743918610 /* Debug */,
				4B4B36CF5D558B3551A14101 /* Release */,
			);
			defaultConfigurationIsVisible = 0;
			defaultConfigurationName = Debug;
		};
		7834B825561675E31836F04A /* Build configuration list for PBXProject "StarkeepFileProvider" */ = {
			isa = XCConfigurationList;
			buildConfigurations = (
				27BEC11C8D3701D36931E55C /* Debug */,
				A2A5B7300304591472612AC9 /* Release */,
			);
			defaultConfigurationIsVisible = 0;
			defaultConfigurationName = Debug;
		};
		8F0EDCD60EE18BE005AAA8C6 /* Build configuration list for PBXNativeTarget "StarkeepFileProviderExtension" */ = {
			isa = XCConfigurationList;
			buildConfigurations = (
				D4401848D4C4F8A9378C7B2A /* Debug */,
				66E43E390DB164E97EB8657A /* Release */,
			);
			defaultConfigurationIsVisible = 0;
			defaultConfigurationName = Debug;
		};
		A80F1A79CFD0DBCD139B02C5 /* Build configuration list for PBXNativeTarget "StarkeepFinderSync" */ = {
			isa = XCConfigurationList;
			buildConfigurations = (
				4F2BC84D25FC4C494F88A6FB /* Debug */,
				76BFAB332A174DA1CF151D8D /* Release */,
			);
			defaultConfigurationIsVisible = 0;
			defaultConfigurationName = Debug;
		};
/* End XCConfigurationList section */
	};
	rootObject = 2643F290809CE73C875C9684 /* Project object */;
}
